
Microsoft Visual Studio Solution File, Format Version 12.00
# Visual Studio Version 16
VisualStudioVersion = 16.0.29009.5
MinimumVisualStudioVersion = 10.0.40219.1
Project("{2150E333-8FDC-42A3-9474-1A3956D46DE8}") = "Projects", "Projects", "{469EAEB0-3EDA-4280-8981-6892639E50AE}"
EndProject
Project("{9A19103F-16F7-4668-BE54-9A1E7A4F7556}") = "TestingTwoPointOneApplication", "Projects\TestingTwoPointOneApplication\TestingTwoPointOneApplication.csproj", "{99F98F6C-BFB5-4ACC-9986-B18A870BACD8}"
EndProject
Project("{9A19103F-16F7-4668-BE54-9A1E7A4F7556}") = "AccessTokenClient", "AccessTokenClient\AccessTokenClient.csproj", "{6C749030-2C78-416B-8AD3-594AB91B5512}"
EndProject
Project("{9A19103F-16F7-4668-BE54-9A1E7A4F7556}") = "AccessTokenClient.Extensions", "AccessTokenClient.Extensions\AccessTokenClient.Extensions.csproj", "{716D3A2C-94AD-4DCB-9D9E-B4DB02DA2588}"
EndProject
Project("{9A19103F-16F7-4668-BE54-9A1E7A4F7556}") = "AccessTokenClient.Tests", "AccessTokenClient.Tests\AccessTokenClient.Tests.csproj", "{85484B72-AD4D-4839-B739-9D00119B7111}"
EndProject
Project("{9A19103F-16F7-4668-BE54-9A1E7A4F7556}") = "TestingThreePointOneApplication", "Projects\TestingThreePointOneApplication\TestingThreePointOneApplication.csproj", "{296809C5-05E0-47E3-BB42-85B2034C0EFD}"
EndProject
Project("{9A19103F-16F7-4668-BE54-9A1E7A4F7556}") = "IdentityServer", "Projects\IdentityServer\IdentityServer.csproj", "{925B0D68-397A-41F2-8959-89E7BA8FBAD1}"
EndProject
Global
	GlobalSection(SolutionConfigurationPlatforms) = preSolution
		Debug|Any CPU = Debug|Any CPU
		Release|Any CPU = Release|Any CPU
	EndGlobalSection
	GlobalSection(ProjectConfigurationPlatforms) = postSolution
		{99F98F6C-BFB5-4ACC-9986-B18A870BACD8}.Debug|Any CPU.ActiveCfg = Debug|Any CPU
		{99F98F6C-BFB5-4ACC-9986-B18A870BACD8}.Debug|Any CPU.Build.0 = Debug|Any CPU
		{99F98F6C-BFB5-4ACC-9986-B18A870BACD8}.Release|Any CPU.ActiveCfg = Release|Any CPU
		{99F98F6C-BFB5-4ACC-9986-B18A870BACD8}.Release|Any CPU.Build.0 = Release|Any CPU
		{6C749030-2C78-416B-8AD3-594AB91B5512}.Debug|Any CPU.ActiveCfg = Debug|Any CPU
		{6C749030-2C78-416B-8AD3-594AB91B5512}.Debug|Any CPU.Build.0 = Debug|Any CPU
		{6C749030-2C78-416B-8AD3-594AB91B5512}.Release|Any CPU.ActiveCfg = Release|Any CPU
		{6C749030-2C78-416B-8AD3-594AB91B5512}.Release|Any CPU.Build.0 = Release|Any CPU
		{716D3A2C-94AD-4DCB-9D9E-B4DB02DA2588}.Debug|Any CPU.ActiveCfg = Debug|Any CPU
		{716D3A2C-94AD-4DCB-9D9E-B4DB02DA2588}.Debug|Any CPU.Build.0 = Debug|Any CPU
		{716D3A2C-94AD-4DCB-9D9E-B4DB02DA2588}.Release|Any CPU.ActiveCfg = Release|Any CPU
		{716D3A2C-94AD-4DCB-9D9E-B4DB02DA2588}.Release|Any CPU.Build.0 = Release|Any CPU
		{85484B72-AD4D-4839-B739-9D00119B7111}.Debug|Any CPU.ActiveCfg = Debug|Any CPU
		{85484B72-AD4D-4839-B739-9D00119B7111}.Debug|Any CPU.Build.0 = Debug|Any CPU
		{85484B72-AD4D-4839-B739-9D00119B7111}.Release|Any CPU.ActiveCfg = Release|Any CPU
		{85484B72-AD4D-4839-B739-9D00119B7111}.Release|Any CPU.Build.0 = Release|Any CPU
		{296809C5-05E0-47E3-BB42-85B2034C0EFD}.Debug|Any CPU.ActiveCfg = Debug|Any CPU
		{296809C5-05E0-47E3-BB42-85B2034C0EFD}.Debug|Any CPU.Build.0 = Debug|Any CPU
		{296809C5-05E0-47E3-BB42-85B2034C0EFD}.Release|Any CPU.ActiveCfg = Release|Any CPU
		{296809C5-05E0-47E3-BB42-85B2034C0EFD}.Release|Any CPU.Build.0 = Release|Any CPU
		{925B0D68-397A-41F2-8959-89E7BA8FBAD1}.Debug|Any CPU.ActiveCfg = Debug|Any CPU
		{925B0D68-397A-41F2-8959-89E7BA8FBAD1}.Debug|Any CPU.Build.0 = Debug|Any CPU
		{925B0D68-397A-41F2-8959-89E7BA8FBAD1}.Release|Any CPU.ActiveCfg = Release|Any CPU
		{925B0D68-397A-41F2-8959-89E7BA8FBAD1}.Release|Any CPU.Build.0 = Release|Any CPU
	EndGlobalSection
	GlobalSection(SolutionProperties) = preSolution
		HideSolutionNode = FALSE
	EndGlobalSection
	GlobalSection(NestedProjects) = preSolution
		{99F98F6C-BFB5-4ACC-9986-B18A870BACD8} = {469EAEB0-3EDA-4280-8981-6892639E50AE}
		{296809C5-05E0-47E3-BB42-85B2034C0EFD} = {469EAEB0-3EDA-4280-8981-6892639E50AE}
		{925B0D68-397A-41F2-8959-89E7BA8FBAD1} = {469EAEB0-3EDA-4280-8981-6892639E50AE}
	EndGlobalSection
	GlobalSection(ExtensibilityGlobals) = postSolution
		SolutionGuid = {554F02C5-5D61-4F2F-AEB0-60790E05B434}
	EndGlobalSection
EndGlobal
