
Microsoft Visual Studio Solution File, Format Version 12.00
# Visual Studio Version 17
VisualStudioVersion = 17.0.31710.8
MinimumVisualStudioVersion = 10.0.40219.1
Project("{2150E333-8FDC-42A3-9474-1A3956D46DE8}") = "Projects", "Projects", "{469EAEB0-3EDA-4280-8981-6892639E50AE}"
EndProject
Project("{9A19103F-16F7-4668-BE54-9A1E7A4F7556}") = "AccessTokenClient", "AccessTokenClient\AccessTokenClient.csproj", "{6C749030-2C78-416B-8AD3-594AB91B5512}"
EndProject
Project("{9A19103F-16F7-4668-BE54-9A1E7A4F7556}") = "AccessTokenClient.Extensions", "AccessTokenClient.Extensions\AccessTokenClient.Extensions.csproj", "{716D3A2C-94AD-4DCB-9D9E-B4DB02DA2588}"
EndProject
Project("{9A19103F-16F7-4668-BE54-9A1E7A4F7556}") = "AccessTokenClient.Tests", "AccessTokenClient.Tests\AccessTokenClient.Tests.csproj", "{85484B72-AD4D-4839-B739-9D00119B7111}"
EndProject
Project("{9A19103F-16F7-4668-BE54-9A1E7A4F7556}") = "TestingThreePointOneApplication", "Projects\TestingThreePointOneApplication\TestingThreePointOneApplication.csproj", "{296809C5-05E0-47E3-BB42-85B2034C0EFD}"
EndProject
Project("{9A19103F-16F7-4668-BE54-9A1E7A4F7556}") = "IdentityServer", "Projects\IdentityServer\IdentityServer.csproj", "{925B0D68-397A-41F2-8959-89E7BA8FBAD1}"
EndProject
Project("{9A19103F-16F7-4668-BE54-9A1E7A4F7556}") = "TestingFivePointZeroApplication", "Projects\TestingFivePointZeroApplication\TestingFivePointZeroApplication.csproj", "{499BFD60-D90F-4307-B5C8-F0A9BE22EA50}"
EndProject
Project("{9A19103F-16F7-4668-BE54-9A1E7A4F7556}") = "Benchmarks", "Projects\Benchmarks\Benchmarks.csproj", "{DB288744-C989-487B-B1F3-525B7085446F}"
EndProject
Project("{9A19103F-16F7-4668-BE54-9A1E7A4F7556}") = "Console", "Projects\Console\Console.csproj", "{E296FB16-8A13-47C7-8604-84418813E699}"
EndProject
Project("{FAE04EC0-301F-11D3-BF4B-00C04F79EFBC}") = "TestingSixPointZeroApplication", "Projects\TestingSixPointZeroApplication\TestingSixPointZeroApplication.csproj", "{48E954B7-06B4-44C2-8872-C8F98ADC5665}"
EndProject
Global
	GlobalSection(SolutionConfigurationPlatforms) = preSolution
		Debug|Any CPU = Debug|Any CPU
		Release|Any CPU = Release|Any CPU
	EndGlobalSection
	GlobalSection(ProjectConfigurationPlatforms) = postSolution
		{6C749030-2C78-416B-8AD3-594AB91B5512}.Debug|Any CPU.ActiveCfg = Debug|Any CPU
		{6C749030-2C78-416B-8AD3-594AB91B5512}.Debug|Any CPU.Build.0 = Debug|Any CPU
		{6C749030-2C78-416B-8AD3-594AB91B5512}.Release|Any CPU.ActiveCfg = Release|Any CPU
		{6C749030-2C78-416B-8AD3-594AB91B5512}.Release|Any CPU.Build.0 = Release|Any CPU
		{716D3A2C-94AD-4DCB-9D9E-B4DB02DA2588}.Debug|Any CPU.ActiveCfg = Debug|Any CPU
		{716D3A2C-94AD-4DCB-9D9E-B4DB02DA2588}.Debug|Any CPU.Build.0 = Debug|Any CPU
		{716D3A2C-94AD-4DCB-9D9E-B4DB02DA2588}.Release|Any CPU.ActiveCfg = Release|Any CPU
		{716D3A2C-94AD-4DCB-9D9E-B4DB02DA2588}.Release|Any CPU.Build.0 = Release|Any CPU
		{85484B72-AD4D-4839-B739-9D00119B7111}.Debug|Any CPU.ActiveCfg = Debug|Any CPU
		{85484B72-AD4D-4839-B739-9D00119B7111}.Debug|Any CPU.Build.0 = Debug|Any CPU
		{85484B72-AD4D-4839-B739-9D00119B7111}.Release|Any CPU.ActiveCfg = Release|Any CPU
		{85484B72-AD4D-4839-B739-9D00119B7111}.Release|Any CPU.Build.0 = Release|Any CPU
		{296809C5-05E0-47E3-BB42-85B2034C0EFD}.Debug|Any CPU.ActiveCfg = Debug|Any CPU
		{296809C5-05E0-47E3-BB42-85B2034C0EFD}.Debug|Any CPU.Build.0 = Debug|Any CPU
		{296809C5-05E0-47E3-BB42-85B2034C0EFD}.Release|Any CPU.ActiveCfg = Release|Any CPU
		{296809C5-05E0-47E3-BB42-85B2034C0EFD}.Release|Any CPU.Build.0 = Release|Any CPU
		{925B0D68-397A-41F2-8959-89E7BA8FBAD1}.Debug|Any CPU.ActiveCfg = Debug|Any CPU
		{925B0D68-397A-41F2-8959-89E7BA8FBAD1}.Debug|Any CPU.Build.0 = Debug|Any CPU
		{925B0D68-397A-41F2-8959-89E7BA8FBAD1}.Release|Any CPU.ActiveCfg = Release|Any CPU
		{925B0D68-397A-41F2-8959-89E7BA8FBAD1}.Release|Any CPU.Build.0 = Release|Any CPU
		{499BFD60-D90F-4307-B5C8-F0A9BE22EA50}.Debug|Any CPU.ActiveCfg = Debug|Any CPU
		{499BFD60-D90F-4307-B5C8-F0A9BE22EA50}.Debug|Any CPU.Build.0 = Debug|Any CPU
		{499BFD60-D90F-4307-B5C8-F0A9BE22EA50}.Release|Any CPU.ActiveCfg = Release|Any CPU
		{499BFD60-D90F-4307-B5C8-F0A9BE22EA50}.Release|Any CPU.Build.0 = Release|Any CPU
		{DB288744-C989-487B-B1F3-525B7085446F}.Debug|Any CPU.ActiveCfg = Debug|Any CPU
		{DB288744-C989-487B-B1F3-525B7085446F}.Debug|Any CPU.Build.0 = Debug|Any CPU
		{DB288744-C989-487B-B1F3-525B7085446F}.Release|Any CPU.ActiveCfg = Release|Any CPU
		{DB288744-C989-487B-B1F3-525B7085446F}.Release|Any CPU.Build.0 = Release|Any CPU
		{E296FB16-8A13-47C7-8604-84418813E699}.Debug|Any CPU.ActiveCfg = Debug|Any CPU
		{E296FB16-8A13-47C7-8604-84418813E699}.Debug|Any CPU.Build.0 = Debug|Any CPU
		{E296FB16-8A13-47C7-8604-84418813E699}.Release|Any CPU.ActiveCfg = Release|Any CPU
		{E296FB16-8A13-47C7-8604-84418813E699}.Release|Any CPU.Build.0 = Release|Any CPU
		{48E954B7-06B4-44C2-8872-C8F98ADC5665}.Debug|Any CPU.ActiveCfg = Debug|Any CPU
		{48E954B7-06B4-44C2-8872-C8F98ADC5665}.Debug|Any CPU.Build.0 = Debug|Any CPU
		{48E954B7-06B4-44C2-8872-C8F98ADC5665}.Release|Any CPU.ActiveCfg = Release|Any CPU
		{48E954B7-06B4-44C2-8872-C8F98ADC5665}.Release|Any CPU.Build.0 = Release|Any CPU
	EndGlobalSection
	GlobalSection(SolutionProperties) = preSolution
		HideSolutionNode = FALSE
	EndGlobalSection
	GlobalSection(NestedProjects) = preSolution
		{296809C5-05E0-47E3-BB42-85B2034C0EFD} = {469EAEB0-3EDA-4280-8981-6892639E50AE}
		{925B0D68-397A-41F2-8959-89E7BA8FBAD1} = {469EAEB0-3EDA-4280-8981-6892639E50AE}
		{499BFD60-D90F-4307-B5C8-F0A9BE22EA50} = {469EAEB0-3EDA-4280-8981-6892639E50AE}
		{DB288744-C989-487B-B1F3-525B7085446F} = {469EAEB0-3EDA-4280-8981-6892639E50AE}
		{E296FB16-8A13-47C7-8604-84418813E699} = {469EAEB0-3EDA-4280-8981-6892639E50AE}
		{48E954B7-06B4-44C2-8872-C8F98ADC5665} = {469EAEB0-3EDA-4280-8981-6892639E50AE}
	EndGlobalSection
	GlobalSection(ExtensibilityGlobals) = postSolution
		SolutionGuid = {554F02C5-5D61-4F2F-AEB0-60790E05B434}
	EndGlobalSection
EndGlobal
